// !$*UTF8*$!
{
	archiveVersion = 1;
	classes = {
	};
	objectVersion = 56;
	objects = {

/* Begin PBXBuildFile section */
		90C030E22B1DBBA0004743D1 /* Reminders_SwiftUIApp.swift in Sources */ = {isa = PBXBuildFile; fileRef = 90C030E12B1DBBA0004743D1 /* Reminders_SwiftUIApp.swift */; };
		90C030E62B1DBBA3004743D1 /* Assets.xcassets in Resources */ = {isa = PBXBuildFile; fileRef = 90C030E52B1DBBA3004743D1 /* Assets.xcassets */; };
		90C030E92B1DBBA3004743D1 /* Preview Assets.xcassets in Resources */ = {isa = PBXBuildFile; fileRef = 90C030E82B1DBBA3004743D1 /* Preview Assets.xcassets */; };
		90C030F22B1DBBD0004743D1 /* Reminder.swift in Sources */ = {isa = PBXBuildFile; fileRef = 90C030F12B1DBBD0004743D1 /* Reminder.swift */; };
		90C030F42B1DBC68004743D1 /* MainView.swift in Sources */ = {isa = PBXBuildFile; fileRef = 90C030F32B1DBC68004743D1 /* MainView.swift */; };
		90C030F62B1DC5FE004743D1 /* ReminderList.swift in Sources */ = {isa = PBXBuildFile; fileRef = 90C030F52B1DC5FE004743D1 /* ReminderList.swift */; };
		90C030F82B1DC969004743D1 /* ReminderListRow.swift in Sources */ = {isa = PBXBuildFile; fileRef = 90C030F72B1DC969004743D1 /* ReminderListRow.swift */; };
		90C030FA2B1DD5FE004743D1 /* AddListView.swift in Sources */ = {isa = PBXBuildFile; fileRef = 90C030F92B1DD5FE004743D1 /* AddListView.swift */; };
		90C030FC2B1DE92B004743D1 /* ReminderListView.swift in Sources */ = {isa = PBXBuildFile; fileRef = 90C030FB2B1DE92B004743D1 /* ReminderListView.swift */; };
		90C030FF2B1DED1F004743D1 /* ReminderRow.swift in Sources */ = {isa = PBXBuildFile; fileRef = 90C030FE2B1DED1F004743D1 /* ReminderRow.swift */; };
		90C031042B1EFACB004743D1 /* View+Extension.swift in Sources */ = {isa = PBXBuildFile; fileRef = 90C031032B1EFACB004743D1 /* View+Extension.swift */; };
/* End PBXBuildFile section */

/* Begin PBXFileReference section */
		90C030DE2B1DBBA0004743D1 /* Reminders_SwiftUI.app */ = {isa = PBXFileReference; explicitFileType = wrapper.application; includeInIndex = 0; path = Reminders_SwiftUI.app; sourceTree = BUILT_PRODUCTS_DIR; };
		90C030E12B1DBBA0004743D1 /* Reminders_SwiftUIApp.swift */ = {isa = PBXFileReference; lastKnownFileType = sourcecode.swift; path = Reminders_SwiftUIApp.swift; sourceTree = "<group>"; };
		90C030E52B1DBBA3004743D1 /* Assets.xcassets */ = {isa = PBXFileReference; lastKnownFileType = folder.assetcatalog; path = Assets.xcassets; sourceTree = "<group>"; };
		90C030E82B1DBBA3004743D1 /* Preview Assets.xcassets */ = {isa = PBXFileReference; lastKnownFileType = folder.assetcatalog; path = "Preview Assets.xcassets"; sourceTree = "<group>"; };
		90C030F12B1DBBD0004743D1 /* Reminder.swift */ = {isa = PBXFileReference; lastKnownFileType = sourcecode.swift; path = Reminder.swift; sourceTree = "<group>"; };
		90C030F32B1DBC68004743D1 /* MainView.swift */ = {isa = PBXFileReference; lastKnownFileType = sourcecode.swift; path = MainView.swift; sourceTree = "<group>"; };
		90C030F52B1DC5FE004743D1 /* ReminderList.swift */ = {isa = PBXFileReference; lastKnownFileType = sourcecode.swift; path = ReminderList.swift; sourceTree = "<group>"; };
		90C030F72B1DC969004743D1 /* ReminderListRow.swift */ = {isa = PBXFileReference; lastKnownFileType = sourcecode.swift; path = ReminderListRow.swift; sourceTree = "<group>"; };
		90C030F92B1DD5FE004743D1 /* AddListView.swift */ = {isa = PBXFileReference; lastKnownFileType = sourcecode.swift; path = AddListView.swift; sourceTree = "<group>"; };
		90C030FB2B1DE92B004743D1 /* ReminderListView.swift */ = {isa = PBXFileReference; lastKnownFileType = sourcecode.swift; path = ReminderListView.swift; sourceTree = "<group>"; };
		90C030FE2B1DED1F004743D1 /* ReminderRow.swift */ = {isa = PBXFileReference; lastKnownFileType = sourcecode.swift; path = ReminderRow.swift; sourceTree = "<group>"; };
		90C031032B1EFACB004743D1 /* View+Extension.swift */ = {isa = PBXFileReference; lastKnownFileType = sourcecode.swift; path = "View+Extension.swift"; sourceTree = "<group>"; };
/* End PBXFileReference section */

/* Begin PBXFrameworksBuildPhase section */
		90C030DB2B1DBBA0004743D1 /* Frameworks */ = {
			isa = PBXFrameworksBuildPhase;
			buildActionMask = 2147483647;
			files = (
			);
			runOnlyForDeploymentPostprocessing = 0;
		};
/* End PBXFrameworksBuildPhase section */

/* Begin PBXGroup section */
		90C030D52B1DBB9F004743D1 = {
			isa = PBXGroup;
			children = (
				90C030E02B1DBBA0004743D1 /* Reminders_SwiftUI */,
				90C030DF2B1DBBA0004743D1 /* Products */,
			);
			sourceTree = "<group>";
		};
		90C030DF2B1DBBA0004743D1 /* Products */ = {
			isa = PBXGroup;
			children = (
				90C030DE2B1DBBA0004743D1 /* Reminders_SwiftUI.app */,
			);
			name = Products;
			sourceTree = "<group>";
		};
		90C030E02B1DBBA0004743D1 /* Reminders_SwiftUI */ = {
			isa = PBXGroup;
			children = (
				90C030E12B1DBBA0004743D1 /* Reminders_SwiftUIApp.swift */,
				90C030F02B1DBBB9004743D1 /* Models */,
				90C030EF2B1DBBB4004743D1 /* Views */,
				90C031022B1EFAB6004743D1 /* Helpers */,
				90C030E52B1DBBA3004743D1 /* Assets.xcassets */,
				90C030E72B1DBBA3004743D1 /* Preview Content */,
			);
			path = Reminders_SwiftUI;
			sourceTree = "<group>";
		};
		90C030E72B1DBBA3004743D1 /* Preview Content */ = {
			isa = PBXGroup;
			children = (
				90C030E82B1DBBA3004743D1 /* Preview Assets.xcassets */,
			);
			path = "Preview Content";
			sourceTree = "<group>";
		};
		90C030EF2B1DBBB4004743D1 /* Views */ = {
			isa = PBXGroup;
			children = (
				90C030FD2B1DE949004743D1 /* ReminderListView */,
				90C030F32B1DBC68004743D1 /* MainView.swift */,
				90C030F72B1DC969004743D1 /* ReminderListRow.swift */,
				90C030F92B1DD5FE004743D1 /* AddListView.swift */,
			);
			path = Views;
			sourceTree = "<group>";
		};
		90C030F02B1DBBB9004743D1 /* Models */ = {
			isa = PBXGroup;
			children = (
				90C030F12B1DBBD0004743D1 /* Reminder.swift */,
				90C030F52B1DC5FE004743D1 /* ReminderList.swift */,
			);
			path = Models;
			sourceTree = "<group>";
		};
		90C030FD2B1DE949004743D1 /* ReminderListView */ = {
			isa = PBXGroup;
			children = (
				90C030FB2B1DE92B004743D1 /* ReminderListView.swift */,
				90C030FE2B1DED1F004743D1 /* ReminderRow.swift */,
			);
			path = ReminderListView;
			sourceTree = "<group>";
		};
		90C031022B1EFAB6004743D1 /* Helpers */ = {
			isa = PBXGroup;
			children = (
				90C031032B1EFACB004743D1 /* View+Extension.swift */,
			);
			path = Helpers;
			sourceTree = "<group>";
		};
/* End PBXGroup section */

/* Begin PBXNativeTarget section */
		90C030DD2B1DBBA0004743D1 /* Reminders_SwiftUI */ = {
			isa = PBXNativeTarget;
			buildConfigurationList = 90C030EC2B1DBBA3004743D1 /* Build configuration list for PBXNativeTarget "Reminders_SwiftUI" */;
			buildPhases = (
				90C030DA2B1DBBA0004743D1 /* Sources */,
				90C030DB2B1DBBA0004743D1 /* Frameworks */,
				90C030DC2B1DBBA0004743D1 /* Resources */,
			);
			buildRules = (
			);
			dependencies = (
			);
			name = Reminders_SwiftUI;
			productName = Reminders_SwiftUI;
			productReference = 90C030DE2B1DBBA0004743D1 /* Reminders_SwiftUI.app */;
			productType = "com.apple.product-type.application";
		};
/* End PBXNativeTarget section */

/* Begin PBXProject section */
		90C030D62B1DBB9F004743D1 /* Project object */ = {
			isa = PBXProject;
			attributes = {
				BuildIndependentTargetsInParallel = 1;
				LastSwiftUpdateCheck = 1500;
				LastUpgradeCheck = 1500;
				TargetAttributes = {
					90C030DD2B1DBBA0004743D1 = {
						CreatedOnToolsVersion = 15.0.1;
					};
				};
			};
			buildConfigurationList = 90C030D92B1DBB9F004743D1 /* Build configuration list for PBXProject "Reminders_SwiftUI" */;
			compatibilityVersion = "Xcode 14.0";
			developmentRegion = en;
			hasScannedForEncodings = 0;
			knownRegions = (
				en,
				Base,
			);
			mainGroup = 90C030D52B1DBB9F004743D1;
			productRefGroup = 90C030DF2B1DBBA0004743D1 /* Products */;
			projectDirPath = "";
			projectRoot = "";
			targets = (
				90C030DD2B1DBBA0004743D1 /* Reminders_SwiftUI */,
			);
		};
/* End PBXProject section */

/* Begin PBXResourcesBuildPhase section */
		90C030DC2B1DBBA0004743D1 /* Resources */ = {
			isa = PBXResourcesBuildPhase;
			buildActionMask = 2147483647;
			files = (
				90C030E92B1DBBA3004743D1 /* Preview Assets.xcassets in Resources */,
				90C030E62B1DBBA3004743D1 /* Assets.xcassets in Resources */,
			);
			runOnlyForDeploymentPostprocessing = 0;
		};
/* End PBXResourcesBuildPhase section */

/* Begin PBXSourcesBuildPhase section */
		90C030DA2B1DBBA0004743D1 /* Sources */ = {
			isa = PBXSourcesBuildPhase;
			buildActionMask = 2147483647;
			files = (
				90C030F22B1DBBD0004743D1 /* Reminder.swift in Sources */,
				90C031042B1EFACB004743D1 /* View+Extension.swift in Sources */,
				90C030F42B1DBC68004743D1 /* MainView.swift in Sources */,
				90C030FF2B1DED1F004743D1 /* ReminderRow.swift in Sources */,
				90C030FC2B1DE92B004743D1 /* ReminderListView.swift in Sources */,
				90C030FA2B1DD5FE004743D1 /* AddListView.swift in Sources */,
				90C030E22B1DBBA0004743D1 /* Reminders_SwiftUIApp.swift in Sources */,
				90C030F82B1DC969004743D1 /* ReminderListRow.swift in Sources */,
				90C030F62B1DC5FE004743D1 /* ReminderList.swift in Sources */,
			);
			runOnlyForDeploymentPostprocessing = 0;
		};
/* End PBXSourcesBuildPhase section */

/* Begin XCBuildConfiguration section */
		90C030EA2B1DBBA3004743D1 /* Debug */ = {
			isa = XCBuildConfiguration;
			buildSettings = {
				ALWAYS_SEARCH_USER_PATHS = NO;
				ASSETCATALOG_COMPILER_GENERATE_SWIFT_ASSET_SYMBOL_EXTENSIONS = YES;
				CLANG_ANALYZER_NONNULL = YES;
				CLANG_ANALYZER_NUMBER_OBJECT_CONVERSION = YES_AGGRESSIVE;
				CLANG_CXX_LANGUAGE_STANDARD = "gnu++20";
				CLANG_ENABLE_MODULES = YES;
				CLANG_ENABLE_OBJC_ARC = YES;
				CLANG_ENABLE_OBJC_WEAK = YES;
				CLANG_WARN_BLOCK_CAPTURE_AUTORELEASING = YES;
				CLANG_WARN_BOOL_CONVERSION = YES;
				CLANG_WARN_COMMA = YES;
				CLANG_WARN_CONSTANT_CONVERSION = YES;
				CLANG_WARN_DEPRECATED_OBJC_IMPLEMENTATIONS = YES;
				CLANG_WARN_DIRECT_OBJC_ISA_USAGE = YES_ERROR;
				CLANG_WARN_DOCUMENTATION_COMMENTS = YES;
				CLANG_WARN_EMPTY_BODY = YES;
				CLANG_WARN_ENUM_CONVERSION = YES;
				CLANG_WARN_INFINITE_RECURSION = YES;
				CLANG_WARN_INT_CONVERSION = YES;
				CLANG_WARN_NON_LITERAL_NULL_CONVERSION = YES;
				CLANG_WARN_OBJC_IMPLICIT_RETAIN_SELF = YES;
				CLANG_WARN_OBJC_LITERAL_CONVERSION = YES;
				CLANG_WARN_OBJC_ROOT_CLASS = YES_ERROR;
				CLANG_WARN_QUOTED_INCLUDE_IN_FRAMEWORK_HEADER = YES;
				CLANG_WARN_RANGE_LOOP_ANALYSIS = YES;
				CLANG_WARN_STRICT_PROTOTYPES = YES;
				CLANG_WARN_SUSPICIOUS_MOVE = YES;
				CLANG_WARN_UNGUARDED_AVAILABILITY = YES_AGGRESSIVE;
				CLANG_WARN_UNREACHABLE_CODE = YES;
				CLANG_WARN__DUPLICATE_METHOD_MATCH = YES;
				COPY_PHASE_STRIP = NO;
				DEBUG_INFORMATION_FORMAT = dwarf;
				ENABLE_STRICT_OBJC_MSGSEND = YES;
				ENABLE_TESTABILITY = YES;
				ENABLE_USER_SCRIPT_SANDBOXING = YES;
				GCC_C_LANGUAGE_STANDARD = gnu17;
				GCC_DYNAMIC_NO_PIC = NO;
				GCC_NO_COMMON_BLOCKS = YES;
				GCC_OPTIMIZATION_LEVEL = 0;
				GCC_PREPROCESSOR_DEFINITIONS = (
					"DEBUG=1",
					"$(inherited)",
				);
				GCC_WARN_64_TO_32_BIT_CONVERSION = YES;
				GCC_WARN_ABOUT_RETURN_TYPE = YES_ERROR;
				GCC_WARN_UNDECLARED_SELECTOR = YES;
				GCC_WARN_UNINITIALIZED_AUTOS = YES_AGGRESSIVE;
				GCC_WARN_UNUSED_FUNCTION = YES;
				GCC_WARN_UNUSED_VARIABLE = YES;
				IPHONEOS_DEPLOYMENT_TARGET = 17.0;
				LOCALIZATION_PREFERS_STRING_CATALOGS = YES;
				MTL_ENABLE_DEBUG_INFO = INCLUDE_SOURCE;
				MTL_FAST_MATH = YES;
				ONLY_ACTIVE_ARCH = YES;
				SDKROOT = iphoneos;
				SWIFT_ACTIVE_COMPILATION_CONDITIONS = "DEBUG $(inherited)";
				SWIFT_OPTIMIZATION_LEVEL = "-Onone";
			};
			name = Debug;
		};
		90C030EB2B1DBBA3004743D1 /* Release */ = {
			isa = XCBuildConfiguration;
			buildSettings = {
				ALWAYS_SEARCH_USER_PATHS = NO;
				ASSETCATALOG_COMPILER_GENERATE_SWIFT_ASSET_SYMBOL_EXTENSIONS = YES;
				CLANG_ANALYZER_NONNULL = YES;
				CLANG_ANALYZER_NUMBER_OBJECT_CONVERSION = YES_AGGRESSIVE;
				CLANG_CXX_LANGUAGE_STANDARD = "gnu++20";
				CLANG_ENABLE_MODULES = YES;
				CLANG_ENABLE_OBJC_ARC = YES;
				CLANG_ENABLE_OBJC_WEAK = YES;
				CLANG_WARN_BLOCK_CAPTURE_AUTORELEASING = YES;
				CLANG_WARN_BOOL_CONVERSION = YES;
				CLANG_WARN_COMMA = YES;
				CLANG_WARN_CONSTANT_CONVERSION = YES;
				CLANG_WARN_DEPRECATED_OBJC_IMPLEMENTATIONS = YES;
				CLANG_WARN_DIRECT_OBJC_ISA_USAGE = YES_ERROR;
				CLANG_WARN_DOCUMENTATION_COMMENTS = YES;
				CLANG_WARN_EMPTY_BODY = YES;
				CLANG_WARN_ENUM_CONVERSION = YES;
				CLANG_WARN_INFINITE_RECURSION = YES;
				CLANG_WARN_INT_CONVERSION = YES;
				CLANG_WARN_NON_LITERAL_NULL_CONVERSION = YES;
				CLANG_WARN_OBJC_IMPLICIT_RETAIN_SELF = YES;
				CLANG_WARN_OBJC_LITERAL_CONVERSION = YES;
				CLANG_WARN_OBJC_ROOT_CLASS = YES_ERROR;
				CLANG_WARN_QUOTED_INCLUDE_IN_FRAMEWORK_HEADER = YES;
				CLANG_WARN_RANGE_LOOP_ANALYSIS = YES;
				CLANG_WARN_STRICT_PROTOTYPES = YES;
				CLANG_WARN_SUSPICIOUS_MOVE = YES;
				CLANG_WARN_UNGUARDED_AVAILABILITY = YES_AGGRESSIVE;
				CLANG_WARN_UNREACHABLE_CODE = YES;
				CLANG_WARN__DUPLICATE_METHOD_MATCH = YES;
				COPY_PHASE_STRIP = NO;
				DEBUG_INFORMATION_FORMAT = "dwarf-with-dsym";
				ENABLE_NS_ASSERTIONS = NO;
				ENABLE_STRICT_OBJC_MSGSEND = YES;
				ENABLE_USER_SCRIPT_SANDBOXING = YES;
				GCC_C_LANGUAGE_STANDARD = gnu17;
				GCC_NO_COMMON_BLOCKS = YES;
				GCC_WARN_64_TO_32_BIT_CONVERSION = YES;
				GCC_WARN_ABOUT_RETURN_TYPE = YES_ERROR;
				GCC_WARN_UNDECLARED_SELECTOR = YES;
				GCC_WARN_UNINITIALIZED_AUTOS = YES_AGGRESSIVE;
				GCC_WARN_UNUSED_FUNCTION = YES;
				GCC_WARN_UNUSED_VARIABLE = YES;
				IPHONEOS_DEPLOYMENT_TARGET = 17.0;
				LOCALIZATION_PREFERS_STRING_CATALOGS = YES;
				MTL_ENABLE_DEBUG_INFO = NO;
				MTL_FAST_MATH = YES;
				SDKROOT = iphoneos;
				SWIFT_COMPILATION_MODE = wholemodule;
				VALIDATE_PRODUCT = YES;
			};
			name = Release;
		};
		90C030ED2B1DBBA3004743D1 /* Debug */ = {
			isa = XCBuildConfiguration;
			buildSettings = {
				ASSETCATALOG_COMPILER_APPICON_NAME = AppIcon;
				ASSETCATALOG_COMPILER_GLOBAL_ACCENT_COLOR_NAME = AccentColor;
				CODE_SIGN_STYLE = Automatic;
				CURRENT_PROJECT_VERSION = 1;
				DEVELOPMENT_ASSET_PATHS = "\"Reminders_SwiftUI/Preview Content\"";
				DEVELOPMENT_TEAM = U3V7X75S9T;
				ENABLE_PREVIEWS = YES;
				GENERATE_INFOPLIST_FILE = YES;
				INFOPLIST_KEY_UIApplicationSceneManifest_Generation = YES;
				INFOPLIST_KEY_UIApplicationSupportsIndirectInputEvents = YES;
				INFOPLIST_KEY_UILaunchScreen_Generation = YES;
				INFOPLIST_KEY_UISupportedInterfaceOrientations_iPad = "UIInterfaceOrientationPortrait UIInterfaceOrientationPortraitUpsideDown UIInterfaceOrientationLandscapeLeft UIInterfaceOrientationLandscapeRight";
				INFOPLIST_KEY_UISupportedInterfaceOrientations_iPhone = "UIInterfaceOrientationPortrait UIInterfaceOrientationLandscapeLeft UIInterfaceOrientationLandscapeRight";
				LD_RUNPATH_SEARCH_PATHS = (
					"$(inherited)",
					"@executable_path/Frameworks",
				);
				MARKETING_VERSION = 1.0;
				PRODUCT_BUNDLE_IDENTIFIER = "com.goojiong.Reminders-SwiftUI";
				PRODUCT_NAME = "$(TARGET_NAME)";
				SWIFT_EMIT_LOC_STRINGS = YES;
				SWIFT_VERSION = 5.0;
				TARGETED_DEVICE_FAMILY = "1,2";
			};
			name = Debug;
		};
		90C030EE2B1DBBA3004743D1 /* Release */ = {
			isa = XCBuildConfiguration;
			buildSettings = {
				ASSETCATALOG_COMPILER_APPICON_NAME = AppIcon;
				ASSETCATALOG_COMPILER_GLOBAL_ACCENT_COLOR_NAME = AccentColor;
				CODE_SIGN_STYLE = Automatic;
				CURRENT_PROJECT_VERSION = 1;
				DEVELOPMENT_ASSET_PATHS = "\"Reminders_SwiftUI/Preview Content\"";
				DEVELOPMENT_TEAM = U3V7X75S9T;
				ENABLE_PREVIEWS = YES;
				GENERATE_INFOPLIST_FILE = YES;
				INFOPLIST_KEY_UIApplicationSceneManifest_Generation = YES;
				INFOPLIST_KEY_UIApplicationSupportsIndirectInputEvents = YES;
				INFOPLIST_KEY_UILaunchScreen_Generation = YES;
				INFOPLIST_KEY_UISupportedInterfaceOrientations_iPad = "UIInterfaceOrientationPortrait UIInterfaceOrientationPortraitUpsideDown UIInterfaceOrientationLandscapeLeft UIInterfaceOrientationLandscapeRight";
				INFOPLIST_KEY_UISupportedInterfaceOrientations_iPhone = "UIInterfaceOrientationPortrait UIInterfaceOrientationLandscapeLeft UIInterfaceOrientationLandscapeRight";
				LD_RUNPATH_SEARCH_PATHS = (
					"$(inherited)",
					"@executable_path/Frameworks",
				);
				MARKETING_VERSION = 1.0;
				PRODUCT_BUNDLE_IDENTIFIER = "com.goojiong.Reminders-SwiftUI";
				PRODUCT_NAME = "$(TARGET_NAME)";
				SWIFT_EMIT_LOC_STRINGS = YES;
				SWIFT_VERSION = 5.0;
				TARGETED_DEVICE_FAMILY = "1,2";
			};
			name = Release;
		};
/* End XCBuildConfiguration section */

/* Begin XCConfigurationList section */
		90C030D92B1DBB9F004743D1 /* Build configuration list for PBXProject "Reminders_SwiftUI" */ = {
			isa = XCConfigurationList;
			buildConfigurations = (
				90C030EA2B1DBBA3004743D1 /* Debug */,
				90C030EB2B1DBBA3004743D1 /* Release */,
			);
			defaultConfigurationIsVisible = 0;
			defaultConfigurationName = Release;
		};
		90C030EC2B1DBBA3004743D1 /* Build configuration list for PBXNativeTarget "Reminders_SwiftUI" */ = {
			isa = XCConfigurationList;
			buildConfigurations = (
				90C030ED2B1DBBA3004743D1 /* Debug */,
				90C030EE2B1DBBA3004743D1 /* Release */,
			);
			defaultConfigurationIsVisible = 0;
			defaultConfigurationName = Release;
		};
/* End XCConfigurationList section */
	};
	rootObject = 90C030D62B1DBB9F004743D1 /* Project object */;
}
