// !$*UTF8*$!
{
	archiveVersion = 1;
	classes = {
	};
	objectVersion = 56;
	objects = {

/* Begin PBXBuildFile section */
		131C3FA348A1D55444BE3136 /* Pods_Reminders_UIKit.framework in Frameworks */ = {isa = PBXBuildFile; fileRef = 2D8A7727B1DC7DF3D8556E01 /* Pods_Reminders_UIKit.framework */; };
		9064DFCE2B1845AD00DC7CF3 /* BaseViewController.swift in Sources */ = {isa = PBXBuildFile; fileRef = 9064DFCD2B1845AD00DC7CF3 /* BaseViewController.swift */; };
		9064DFD02B1847EE00DC7CF3 /* MainView.swift in Sources */ = {isa = PBXBuildFile; fileRef = 9064DFCF2B1847EE00DC7CF3 /* MainView.swift */; };
		9064DFD22B1849A800DC7CF3 /* UIColor+Extension.swift in Sources */ = {isa = PBXBuildFile; fileRef = 9064DFD12B1849A800DC7CF3 /* UIColor+Extension.swift */; };
		9064DFD42B184FE800DC7CF3 /* Reminder.swift in Sources */ = {isa = PBXBuildFile; fileRef = 9064DFD32B184FE800DC7CF3 /* Reminder.swift */; };
		90B941722B14FFB6006CAE0F /* AppDelegate.swift in Sources */ = {isa = PBXBuildFile; fileRef = 90B941712B14FFB6006CAE0F /* AppDelegate.swift */; };
		90B941742B14FFB6006CAE0F /* SceneDelegate.swift in Sources */ = {isa = PBXBuildFile; fileRef = 90B941732B14FFB6006CAE0F /* SceneDelegate.swift */; };
		90B941762B14FFB6006CAE0F /* MainViewController.swift in Sources */ = {isa = PBXBuildFile; fileRef = 90B941752B14FFB6006CAE0F /* MainViewController.swift */; };
		90B9417B2B14FFB9006CAE0F /* Assets.xcassets in Resources */ = {isa = PBXBuildFile; fileRef = 90B9417A2B14FFB9006CAE0F /* Assets.xcassets */; };
/* End PBXBuildFile section */

/* Begin PBXFileReference section */
		2D8A7727B1DC7DF3D8556E01 /* Pods_Reminders_UIKit.framework */ = {isa = PBXFileReference; explicitFileType = wrapper.framework; includeInIndex = 0; path = Pods_Reminders_UIKit.framework; sourceTree = BUILT_PRODUCTS_DIR; };
		9064DFCD2B1845AD00DC7CF3 /* BaseViewController.swift */ = {isa = PBXFileReference; lastKnownFileType = sourcecode.swift; path = BaseViewController.swift; sourceTree = "<group>"; };
		9064DFCF2B1847EE00DC7CF3 /* MainView.swift */ = {isa = PBXFileReference; lastKnownFileType = sourcecode.swift; path = MainView.swift; sourceTree = "<group>"; };
		9064DFD12B1849A800DC7CF3 /* UIColor+Extension.swift */ = {isa = PBXFileReference; lastKnownFileType = sourcecode.swift; path = "UIColor+Extension.swift"; sourceTree = "<group>"; };
		9064DFD32B184FE800DC7CF3 /* Reminder.swift */ = {isa = PBXFileReference; lastKnownFileType = sourcecode.swift; path = Reminder.swift; sourceTree = "<group>"; };
		90B9416E2B14FFB6006CAE0F /* Reminders_UIKit.app */ = {isa = PBXFileReference; explicitFileType = wrapper.application; includeInIndex = 0; path = Reminders_UIKit.app; sourceTree = BUILT_PRODUCTS_DIR; };
		90B941712B14FFB6006CAE0F /* AppDelegate.swift */ = {isa = PBXFileReference; lastKnownFileType = sourcecode.swift; path = AppDelegate.swift; sourceTree = "<group>"; };
		90B941732B14FFB6006CAE0F /* SceneDelegate.swift */ = {isa = PBXFileReference; lastKnownFileType = sourcecode.swift; path = SceneDelegate.swift; sourceTree = "<group>"; };
		90B941752B14FFB6006CAE0F /* MainViewController.swift */ = {isa = PBXFileReference; lastKnownFileType = sourcecode.swift; path = MainViewController.swift; sourceTree = "<group>"; };
		90B9417A2B14FFB9006CAE0F /* Assets.xcassets */ = {isa = PBXFileReference; lastKnownFileType = folder.assetcatalog; path = Assets.xcassets; sourceTree = "<group>"; };
		90B9417F2B14FFB9006CAE0F /* Info.plist */ = {isa = PBXFileReference; lastKnownFileType = text.plist.xml; path = Info.plist; sourceTree = "<group>"; };
		AB29405ED459DD5CD6A336DE /* Pods-Reminders_UIKit.release.xcconfig */ = {isa = PBXFileReference; includeInIndex = 1; lastKnownFileType = text.xcconfig; name = "Pods-Reminders_UIKit.release.xcconfig"; path = "Target Support Files/Pods-Reminders_UIKit/Pods-Reminders_UIKit.release.xcconfig"; sourceTree = "<group>"; };
		F74C1CBC17539DE6E70D4447 /* Pods-Reminders_UIKit.debug.xcconfig */ = {isa = PBXFileReference; includeInIndex = 1; lastKnownFileType = text.xcconfig; name = "Pods-Reminders_UIKit.debug.xcconfig"; path = "Target Support Files/Pods-Reminders_UIKit/Pods-Reminders_UIKit.debug.xcconfig"; sourceTree = "<group>"; };
/* End PBXFileReference section */

/* Begin PBXFrameworksBuildPhase section */
		90B9416B2B14FFB6006CAE0F /* Frameworks */ = {
			isa = PBXFrameworksBuildPhase;
			buildActionMask = 2147483647;
			files = (
				131C3FA348A1D55444BE3136 /* Pods_Reminders_UIKit.framework in Frameworks */,
			);
			runOnlyForDeploymentPostprocessing = 0;
		};
/* End PBXFrameworksBuildPhase section */

/* Begin PBXGroup section */
		3CC3E12750316039ED7D3137 /* Pods */ = {
			isa = PBXGroup;
			children = (
				F74C1CBC17539DE6E70D4447 /* Pods-Reminders_UIKit.debug.xcconfig */,
				AB29405ED459DD5CD6A336DE /* Pods-Reminders_UIKit.release.xcconfig */,
			);
			path = Pods;
			sourceTree = "<group>";
		};
		9064DFC82B1844D900DC7CF3 /* Supporting Files */ = {
			isa = PBXGroup;
			children = (
				90B9417F2B14FFB9006CAE0F /* Info.plist */,
			);
			path = "Supporting Files";
			sourceTree = "<group>";
		};
		9064DFC92B1844E400DC7CF3 /* Helpers */ = {
			isa = PBXGroup;
			children = (
				9064DFD12B1849A800DC7CF3 /* UIColor+Extension.swift */,
			);
			path = Helpers;
			sourceTree = "<group>";
		};
		9064DFCA2B1844EA00DC7CF3 /* Controllers */ = {
			isa = PBXGroup;
			children = (
				9064DFCD2B1845AD00DC7CF3 /* BaseViewController.swift */,
				90B941752B14FFB6006CAE0F /* MainViewController.swift */,
			);
			path = Controllers;
			sourceTree = "<group>";
		};
		9064DFCB2B1844EF00DC7CF3 /* Views */ = {
			isa = PBXGroup;
			children = (
				9064DFCF2B1847EE00DC7CF3 /* MainView.swift */,
			);
			path = Views;
			sourceTree = "<group>";
		};
		9064DFCC2B1844F600DC7CF3 /* Models */ = {
			isa = PBXGroup;
			children = (
				9064DFD32B184FE800DC7CF3 /* Reminder.swift */,
			);
			path = Models;
			sourceTree = "<group>";
		};
		90B941652B14FFB6006CAE0F = {
			isa = PBXGroup;
			children = (
				90B941702B14FFB6006CAE0F /* Reminders_UIKit */,
				90B9416F2B14FFB6006CAE0F /* Products */,
				3CC3E12750316039ED7D3137 /* Pods */,
				C7443B86F28ED0273A09969E /* Frameworks */,
			);
			sourceTree = "<group>";
		};
		90B9416F2B14FFB6006CAE0F /* Products */ = {
			isa = PBXGroup;
			children = (
				90B9416E2B14FFB6006CAE0F /* Reminders_UIKit.app */,
			);
			name = Products;
			sourceTree = "<group>";
		};
		90B941702B14FFB6006CAE0F /* Reminders_UIKit */ = {
			isa = PBXGroup;
			children = (
				90B941712B14FFB6006CAE0F /* AppDelegate.swift */,
				90B941732B14FFB6006CAE0F /* SceneDelegate.swift */,
				90B9417A2B14FFB9006CAE0F /* Assets.xcassets */,
				9064DFCC2B1844F600DC7CF3 /* Models */,
				9064DFCB2B1844EF00DC7CF3 /* Views */,
				9064DFCA2B1844EA00DC7CF3 /* Controllers */,
				9064DFC92B1844E400DC7CF3 /* Helpers */,
				9064DFC82B1844D900DC7CF3 /* Supporting Files */,
			);
			path = Reminders_UIKit;
			sourceTree = "<group>";
		};
		C7443B86F28ED0273A09969E /* Frameworks */ = {
			isa = PBXGroup;
			children = (
				2D8A7727B1DC7DF3D8556E01 /* Pods_Reminders_UIKit.framework */,
			);
			name = Frameworks;
			sourceTree = "<group>";
		};
/* End PBXGroup section */

/* Begin PBXNativeTarget section */
		90B9416D2B14FFB6006CAE0F /* Reminders_UIKit */ = {
			isa = PBXNativeTarget;
			buildConfigurationList = 90B941822B14FFB9006CAE0F /* Build configuration list for PBXNativeTarget "Reminders_UIKit" */;
			buildPhases = (
				183925316B0B8A93E1BD7204 /* [CP] Check Pods Manifest.lock */,
				90B9416A2B14FFB6006CAE0F /* Sources */,
				90B9416B2B14FFB6006CAE0F /* Frameworks */,
				90B9416C2B14FFB6006CAE0F /* Resources */,
				5B7ED0CF96C22C53AB3DEDD5 /* [CP] Embed Pods Frameworks */,
			);
			buildRules = (
			);
			dependencies = (
			);
			name = Reminders_UIKit;
			productName = Reminders_UIKit;
			productReference = 90B9416E2B14FFB6006CAE0F /* Reminders_UIKit.app */;
			productType = "com.apple.product-type.application";
		};
/* End PBXNativeTarget section */

/* Begin PBXProject section */
		90B941662B14FFB6006CAE0F /* Project object */ = {
			isa = PBXProject;
			attributes = {
				BuildIndependentTargetsInParallel = 1;
				LastSwiftUpdateCheck = 1500;
				LastUpgradeCheck = 1500;
				TargetAttributes = {
					90B9416D2B14FFB6006CAE0F = {
						CreatedOnToolsVersion = 15.0.1;
					};
				};
			};
			buildConfigurationList = 90B941692B14FFB6006CAE0F /* Build configuration list for PBXProject "Reminders_UIKit" */;
			compatibilityVersion = "Xcode 14.0";
			developmentRegion = en;
			hasScannedForEncodings = 0;
			knownRegions = (
				en,
				Base,
			);
			mainGroup = 90B941652B14FFB6006CAE0F;
			productRefGroup = 90B9416F2B14FFB6006CAE0F /* Products */;
			projectDirPath = "";
			projectRoot = "";
			targets = (
				90B9416D2B14FFB6006CAE0F /* Reminders_UIKit */,
			);
		};
/* End PBXProject section */

/* Begin PBXResourcesBuildPhase section */
		90B9416C2B14FFB6006CAE0F /* Resources */ = {
			isa = PBXResourcesBuildPhase;
			buildActionMask = 2147483647;
			files = (
				90B9417B2B14FFB9006CAE0F /* Assets.xcassets in Resources */,
			);
			runOnlyForDeploymentPostprocessing = 0;
		};
/* End PBXResourcesBuildPhase section */

/* Begin PBXShellScriptBuildPhase section */
		183925316B0B8A93E1BD7204 /* [CP] Check Pods Manifest.lock */ = {
			isa = PBXShellScriptBuildPhase;
			buildActionMask = 2147483647;
			files = (
			);
			inputFileListPaths = (
			);
			inputPaths = (
				"${PODS_PODFILE_DIR_PATH}/Podfile.lock",
				"${PODS_ROOT}/Manifest.lock",
			);
			name = "[CP] Check Pods Manifest.lock";
			outputFileListPaths = (
			);
			outputPaths = (
				"$(DERIVED_FILE_DIR)/Pods-Reminders_UIKit-checkManifestLockResult.txt",
			);
			runOnlyForDeploymentPostprocessing = 0;
			shellPath = /bin/sh;
			shellScript = "diff \"${PODS_PODFILE_DIR_PATH}/Podfile.lock\" \"${PODS_ROOT}/Manifest.lock\" > /dev/null\nif [ $? != 0 ] ; then\n    # print error to STDERR\n    echo \"error: The sandbox is not in sync with the Podfile.lock. Run 'pod install' or update your CocoaPods installation.\" >&2\n    exit 1\nfi\n# This output is used by Xcode 'outputs' to avoid re-running this script phase.\necho \"SUCCESS\" > \"${SCRIPT_OUTPUT_FILE_0}\"\n";
			showEnvVarsInLog = 0;
		};
		5B7ED0CF96C22C53AB3DEDD5 /* [CP] Embed Pods Frameworks */ = {
			isa = PBXShellScriptBuildPhase;
			buildActionMask = 2147483647;
			files = (
			);
			inputFileListPaths = (
				"${PODS_ROOT}/Target Support Files/Pods-Reminders_UIKit/Pods-Reminders_UIKit-frameworks-${CONFIGURATION}-input-files.xcfilelist",
			);
			name = "[CP] Embed Pods Frameworks";
			outputFileListPaths = (
				"${PODS_ROOT}/Target Support Files/Pods-Reminders_UIKit/Pods-Reminders_UIKit-frameworks-${CONFIGURATION}-output-files.xcfilelist",
			);
			runOnlyForDeploymentPostprocessing = 0;
			shellPath = /bin/sh;
			shellScript = "\"${PODS_ROOT}/Target Support Files/Pods-Reminders_UIKit/Pods-Reminders_UIKit-frameworks.sh\"\n";
			showEnvVarsInLog = 0;
		};
/* End PBXShellScriptBuildPhase section */

/* Begin PBXSourcesBuildPhase section */
		90B9416A2B14FFB6006CAE0F /* Sources */ = {
			isa = PBXSourcesBuildPhase;
			buildActionMask = 2147483647;
			files = (
				90B941762B14FFB6006CAE0F /* MainViewController.swift in Sources */,
				9064DFD42B184FE800DC7CF3 /* Reminder.swift in Sources */,
				9064DFCE2B1845AD00DC7CF3 /* BaseViewController.swift in Sources */,
				90B941722B14FFB6006CAE0F /* AppDelegate.swift in Sources */,
				9064DFD22B1849A800DC7CF3 /* UIColor+Extension.swift in Sources */,
				9064DFD02B1847EE00DC7CF3 /* MainView.swift in Sources */,
				90B941742B14FFB6006CAE0F /* SceneDelegate.swift in Sources */,
			);
			runOnlyForDeploymentPostprocessing = 0;
		};
/* End PBXSourcesBuildPhase section */

/* Begin XCBuildConfiguration section */
		90B941802B14FFB9006CAE0F /* Debug */ = {
			isa = XCBuildConfiguration;
			buildSettings = {
				ALWAYS_SEARCH_USER_PATHS = NO;
				ASSETCATALOG_COMPILER_GENERATE_SWIFT_ASSET_SYMBOL_EXTENSIONS = YES;
				CLANG_ANALYZER_NONNULL = YES;
				CLANG_ANALYZER_NUMBER_OBJECT_CONVERSION = YES_AGGRESSIVE;
				CLANG_CXX_LANGUAGE_STANDARD = "gnu++20";
				CLANG_ENABLE_MODULES = YES;
				CLANG_ENABLE_OBJC_ARC = YES;
				CLANG_ENABLE_OBJC_WEAK = YES;
				CLANG_WARN_BLOCK_CAPTURE_AUTORELEASING = YES;
				CLANG_WARN_BOOL_CONVERSION = YES;
				CLANG_WARN_COMMA = YES;
				CLANG_WARN_CONSTANT_CONVERSION = YES;
				CLANG_WARN_DEPRECATED_OBJC_IMPLEMENTATIONS = YES;
				CLANG_WARN_DIRECT_OBJC_ISA_USAGE = YES_ERROR;
				CLANG_WARN_DOCUMENTATION_COMMENTS = YES;
				CLANG_WARN_EMPTY_BODY = YES;
				CLANG_WARN_ENUM_CONVERSION = YES;
				CLANG_WARN_INFINITE_RECURSION = YES;
				CLANG_WARN_INT_CONVERSION = YES;
				CLANG_WARN_NON_LITERAL_NULL_CONVERSION = YES;
				CLANG_WARN_OBJC_IMPLICIT_RETAIN_SELF = YES;
				CLANG_WARN_OBJC_LITERAL_CONVERSION = YES;
				CLANG_WARN_OBJC_ROOT_CLASS = YES_ERROR;
				CLANG_WARN_QUOTED_INCLUDE_IN_FRAMEWORK_HEADER = YES;
				CLANG_WARN_RANGE_LOOP_ANALYSIS = YES;
				CLANG_WARN_STRICT_PROTOTYPES = YES;
				CLANG_WARN_SUSPICIOUS_MOVE = YES;
				CLANG_WARN_UNGUARDED_AVAILABILITY = YES_AGGRESSIVE;
				CLANG_WARN_UNREACHABLE_CODE = YES;
				CLANG_WARN__DUPLICATE_METHOD_MATCH = YES;
				COPY_PHASE_STRIP = NO;
				DEBUG_INFORMATION_FORMAT = dwarf;
				ENABLE_STRICT_OBJC_MSGSEND = YES;
				ENABLE_TESTABILITY = YES;
				ENABLE_USER_SCRIPT_SANDBOXING = NO;
				GCC_C_LANGUAGE_STANDARD = gnu17;
				GCC_DYNAMIC_NO_PIC = NO;
				GCC_NO_COMMON_BLOCKS = YES;
				GCC_OPTIMIZATION_LEVEL = 0;
				GCC_PREPROCESSOR_DEFINITIONS = (
					"DEBUG=1",
					"$(inherited)",
				);
				GCC_WARN_64_TO_32_BIT_CONVERSION = YES;
				GCC_WARN_ABOUT_RETURN_TYPE = YES_ERROR;
				GCC_WARN_UNDECLARED_SELECTOR = YES;
				GCC_WARN_UNINITIALIZED_AUTOS = YES_AGGRESSIVE;
				GCC_WARN_UNUSED_FUNCTION = YES;
				GCC_WARN_UNUSED_VARIABLE = YES;
				IPHONEOS_DEPLOYMENT_TARGET = 17.0;
				LOCALIZATION_PREFERS_STRING_CATALOGS = YES;
				MTL_ENABLE_DEBUG_INFO = INCLUDE_SOURCE;
				MTL_FAST_MATH = YES;
				ONLY_ACTIVE_ARCH = YES;
				SDKROOT = iphoneos;
				SWIFT_ACTIVE_COMPILATION_CONDITIONS = "DEBUG $(inherited)";
				SWIFT_OPTIMIZATION_LEVEL = "-Onone";
			};
			name = Debug;
		};
		90B941812B14FFB9006CAE0F /* Release */ = {
			isa = XCBuildConfiguration;
			buildSettings = {
				ALWAYS_SEARCH_USER_PATHS = NO;
				ASSETCATALOG_COMPILER_GENERATE_SWIFT_ASSET_SYMBOL_EXTENSIONS = YES;
				CLANG_ANALYZER_NONNULL = YES;
				CLANG_ANALYZER_NUMBER_OBJECT_CONVERSION = YES_AGGRESSIVE;
				CLANG_CXX_LANGUAGE_STANDARD = "gnu++20";
				CLANG_ENABLE_MODULES = YES;
				CLANG_ENABLE_OBJC_ARC = YES;
				CLANG_ENABLE_OBJC_WEAK = YES;
				CLANG_WARN_BLOCK_CAPTURE_AUTORELEASING = YES;
				CLANG_WARN_BOOL_CONVERSION = YES;
				CLANG_WARN_COMMA = YES;
				CLANG_WARN_CONSTANT_CONVERSION = YES;
				CLANG_WARN_DEPRECATED_OBJC_IMPLEMENTATIONS = YES;
				CLANG_WARN_DIRECT_OBJC_ISA_USAGE = YES_ERROR;
				CLANG_WARN_DOCUMENTATION_COMMENTS = YES;
				CLANG_WARN_EMPTY_BODY = YES;
				CLANG_WARN_ENUM_CONVERSION = YES;
				CLANG_WARN_INFINITE_RECURSION = YES;
				CLANG_WARN_INT_CONVERSION = YES;
				CLANG_WARN_NON_LITERAL_NULL_CONVERSION = YES;
				CLANG_WARN_OBJC_IMPLICIT_RETAIN_SELF = YES;
				CLANG_WARN_OBJC_LITERAL_CONVERSION = YES;
				CLANG_WARN_OBJC_ROOT_CLASS = YES_ERROR;
				CLANG_WARN_QUOTED_INCLUDE_IN_FRAMEWORK_HEADER = YES;
				CLANG_WARN_RANGE_LOOP_ANALYSIS = YES;
				CLANG_WARN_STRICT_PROTOTYPES = YES;
				CLANG_WARN_SUSPICIOUS_MOVE = YES;
				CLANG_WARN_UNGUARDED_AVAILABILITY = YES_AGGRESSIVE;
				CLANG_WARN_UNREACHABLE_CODE = YES;
				CLANG_WARN__DUPLICATE_METHOD_MATCH = YES;
				COPY_PHASE_STRIP = NO;
				DEBUG_INFORMATION_FORMAT = "dwarf-with-dsym";
				ENABLE_NS_ASSERTIONS = NO;
				ENABLE_STRICT_OBJC_MSGSEND = YES;
				ENABLE_USER_SCRIPT_SANDBOXING = NO;
				GCC_C_LANGUAGE_STANDARD = gnu17;
				GCC_NO_COMMON_BLOCKS = YES;
				GCC_WARN_64_TO_32_BIT_CONVERSION = YES;
				GCC_WARN_ABOUT_RETURN_TYPE = YES_ERROR;
				GCC_WARN_UNDECLARED_SELECTOR = YES;
				GCC_WARN_UNINITIALIZED_AUTOS = YES_AGGRESSIVE;
				GCC_WARN_UNUSED_FUNCTION = YES;
				GCC_WARN_UNUSED_VARIABLE = YES;
				IPHONEOS_DEPLOYMENT_TARGET = 17.0;
				LOCALIZATION_PREFERS_STRING_CATALOGS = YES;
				MTL_ENABLE_DEBUG_INFO = NO;
				MTL_FAST_MATH = YES;
				SDKROOT = iphoneos;
				SWIFT_COMPILATION_MODE = wholemodule;
				VALIDATE_PRODUCT = YES;
			};
			name = Release;
		};
		90B941832B14FFB9006CAE0F /* Debug */ = {
			isa = XCBuildConfiguration;
			baseConfigurationReference = F74C1CBC17539DE6E70D4447 /* Pods-Reminders_UIKit.debug.xcconfig */;
			buildSettings = {
				ASSETCATALOG_COMPILER_APPICON_NAME = AppIcon;
				ASSETCATALOG_COMPILER_GLOBAL_ACCENT_COLOR_NAME = AccentColor;
				CODE_SIGN_STYLE = Automatic;
				CURRENT_PROJECT_VERSION = 1;
				DEVELOPMENT_TEAM = U3V7X75S9T;
				GENERATE_INFOPLIST_FILE = YES;
				INFOPLIST_FILE = "Reminders_UIKit/Supporting Files/Info.plist";
				INFOPLIST_KEY_UIApplicationSupportsIndirectInputEvents = YES;
				INFOPLIST_KEY_UILaunchStoryboardName = LaunchScreen;
				INFOPLIST_KEY_UISupportedInterfaceOrientations_iPad = "UIInterfaceOrientationPortrait UIInterfaceOrientationPortraitUpsideDown UIInterfaceOrientationLandscapeLeft UIInterfaceOrientationLandscapeRight";
				INFOPLIST_KEY_UISupportedInterfaceOrientations_iPhone = "UIInterfaceOrientationPortrait UIInterfaceOrientationLandscapeLeft UIInterfaceOrientationLandscapeRight";
				IPHONEOS_DEPLOYMENT_TARGET = 16.0;
				LD_RUNPATH_SEARCH_PATHS = (
					"$(inherited)",
					"@executable_path/Frameworks",
				);
				MARKETING_VERSION = 1.0;
				PRODUCT_BUNDLE_IDENTIFIER = "com.goojiong.Reminders-UIKit";
				PRODUCT_NAME = "$(TARGET_NAME)";
				SWIFT_EMIT_LOC_STRINGS = YES;
				SWIFT_VERSION = 5.0;
				TARGETED_DEVICE_FAMILY = "1,2";
			};
			name = Debug;
		};
		90B941842B14FFB9006CAE0F /* Release */ = {
			isa = XCBuildConfiguration;
			baseConfigurationReference = AB29405ED459DD5CD6A336DE /* Pods-Reminders_UIKit.release.xcconfig */;
			buildSettings = {
				ASSETCATALOG_COMPILER_APPICON_NAME = AppIcon;
				ASSETCATALOG_COMPILER_GLOBAL_ACCENT_COLOR_NAME = AccentColor;
				CODE_SIGN_STYLE = Automatic;
				CURRENT_PROJECT_VERSION = 1;
				DEVELOPMENT_TEAM = U3V7X75S9T;
				GENERATE_INFOPLIST_FILE = YES;
				INFOPLIST_FILE = "Reminders_UIKit/Supporting Files/Info.plist";
				INFOPLIST_KEY_UIApplicationSupportsIndirectInputEvents = YES;
				INFOPLIST_KEY_UILaunchStoryboardName = LaunchScreen;
				INFOPLIST_KEY_UISupportedInterfaceOrientations_iPad = "UIInterfaceOrientationPortrait UIInterfaceOrientationPortraitUpsideDown UIInterfaceOrientationLandscapeLeft UIInterfaceOrientationLandscapeRight";
				INFOPLIST_KEY_UISupportedInterfaceOrientations_iPhone = "UIInterfaceOrientationPortrait UIInterfaceOrientationLandscapeLeft UIInterfaceOrientationLandscapeRight";
				IPHONEOS_DEPLOYMENT_TARGET = 16.0;
				LD_RUNPATH_SEARCH_PATHS = (
					"$(inherited)",
					"@executable_path/Frameworks",
				);
				MARKETING_VERSION = 1.0;
				PRODUCT_BUNDLE_IDENTIFIER = "com.goojiong.Reminders-UIKit";
				PRODUCT_NAME = "$(TARGET_NAME)";
				SWIFT_EMIT_LOC_STRINGS = YES;
				SWIFT_VERSION = 5.0;
				TARGETED_DEVICE_FAMILY = "1,2";
			};
			name = Release;
		};
/* End XCBuildConfiguration section */

/* Begin XCConfigurationList section */
		90B941692B14FFB6006CAE0F /* Build configuration list for PBXProject "Reminders_UIKit" */ = {
			isa = XCConfigurationList;
			buildConfigurations = (
				90B941802B14FFB9006CAE0F /* Debug */,
				90B941812B14FFB9006CAE0F /* Release */,
			);
			defaultConfigurationIsVisible = 0;
			defaultConfigurationName = Release;
		};
		90B941822B14FFB9006CAE0F /* Build configuration list for PBXNativeTarget "Reminders_UIKit" */ = {
			isa = XCConfigurationList;
			buildConfigurations = (
				90B941832B14FFB9006CAE0F /* Debug */,
				90B941842B14FFB9006CAE0F /* Release */,
			);
			defaultConfigurationIsVisible = 0;
			defaultConfigurationName = Release;
		};
/* End XCConfigurationList section */
	};
	rootObject = 90B941662B14FFB6006CAE0F /* Project object */;
}
